
Microsoft Visual Studio Solution File, Format Version 12.00
# Visual Studio Version 16
VisualStudioVersion = 16.0.29306.81
MinimumVisualStudioVersion = 10.0.40219.1
Project("{FAE04EC0-301F-11D3-BF4B-00C04F79EFBC}") = "Bid_A_Product", "Bid_A_Product.csproj", "{C7367519-C0F1-438F-84EC-C7CA9E3A00E2}"
EndProject
Global
	GlobalSection(SolutionConfigurationPlatforms) = preSolution
		Debug|Any CPU = Debug|Any CPU
		Release|Any CPU = Release|Any CPU
	EndGlobalSection
	GlobalSection(ProjectConfigurationPlatforms) = postSolution
		{C7367519-C0F1-438F-84EC-C7CA9E3A00E2}.Debug|Any CPU.ActiveCfg = Debug|Any CPU
		{C7367519-C0F1-438F-84EC-C7CA9E3A00E2}.Debug|Any CPU.Build.0 = Debug|Any CPU
		{C7367519-C0F1-438F-84EC-C7CA9E3A00E2}.Release|Any CPU.ActiveCfg = Release|Any CPU
		{C7367519-C0F1-438F-84EC-C7CA9E3A00E2}.Release|Any CPU.Build.0 = Release|Any CPU
	EndGlobalSection
	GlobalSection(SolutionProperties) = preSolution
		HideSolutionNode = FALSE
	EndGlobalSection
	GlobalSection(ExtensibilityGlobals) = postSolution
		SolutionGuid = {EEB5BBBE-A430-4DF6-BEEE-3B7793E12CF9}
	EndGlobalSection
EndGlobal
